
Microsoft Visual Studio Solution File, Format Version 12.00
# Visual Studio Version 17
VisualStudioVersion = 17.7.34221.43
MinimumVisualStudioVersion = 10.0.40219.1
Project("{FAE04EC0-301F-11D3-BF4B-00C04F79EFBC}") = "QLDiem", "QLDiem\QLDiem.csproj", "{989202A9-16AF-432F-8D60-131F83783BAD}"
EndProject
Global
	GlobalSection(SolutionConfigurationPlatforms) = preSolution
		Debug|Any CPU = Debug|Any CPU
		Release|Any CPU = Release|Any CPU
	EndGlobalSection
	GlobalSection(ProjectConfigurationPlatforms) = postSolution
		{989202A9-16AF-432F-8D60-131F83783BAD}.Debug|Any CPU.ActiveCfg = Debug|Any CPU
		{989202A9-16AF-432F-8D60-131F83783BAD}.Debug|Any CPU.Build.0 = Debug|Any CPU
		{989202A9-16AF-432F-8D60-131F83783BAD}.Release|Any CPU.ActiveCfg = Release|Any CPU
		{989202A9-16AF-432F-8D60-131F83783BAD}.Release|Any CPU.Build.0 = Release|Any CPU
	EndGlobalSection
	GlobalSection(SolutionProperties) = preSolution
		HideSolutionNode = FALSE
	EndGlobalSection
	GlobalSection(ExtensibilityGlobals) = postSolution
		SolutionGuid = {A626394F-DB23-4EA6-BEFD-B5E9A97FCD01}
	EndGlobalSection
EndGlobal
